Microsoft Visual Studio Solution File, Format Version 12.00
# Visual Studio 15
VisualStudioVersion = 15.0.27729.1
MinimumVisualStudioVersion = 10.0.40219.1
Project("{9A19103F-16F7-4668-BE54-9A1E7A4F7556}") = "Api.Customers", "Api.Customers\Api.Customers.csproj", "{73E76612-E12B-4BF9-B8BE-9E53B934A30C}"
EndProject
Project("{FAE04EC0-301F-11D3-BF4B-00C04F79EFBC}") = "Api.CustomersUnitTests", "Api.CustomersUnitTests\Api.CustomersUnitTests.csproj", "{AE8EF68B-6404-48D8-AB4A-C7C8CE65AB47}"
EndProject
Global
	GlobalSection(SolutionConfigurationPlatforms) = preSolution
		Debug|Any CPU = Debug|Any CPU
		Release|Any CPU = Release|Any CPU
	EndGlobalSection
	GlobalSection(ProjectConfigurationPlatforms) = postSolution
		{73E76612-E12B-4BF9-B8BE-9E53B934A30C}.Debug|Any CPU.ActiveCfg = Debug|Any CPU
		{73E76612-E12B-4BF9-B8BE-9E53B934A30C}.Debug|Any CPU.Build.0 = Debug|Any CPU
		{73E76612-E12B-4BF9-B8BE-9E53B934A30C}.Release|Any CPU.ActiveCfg = Release|Any CPU
		{73E76612-E12B-4BF9-B8BE-9E53B934A30C}.Release|Any CPU.Build.0 = Release|Any CPU
		{AE8EF68B-6404-48D8-AB4A-C7C8CE65AB47}.Debug|Any CPU.ActiveCfg = Debug|Any CPU
		{AE8EF68B-6404-48D8-AB4A-C7C8CE65AB47}.Debug|Any CPU.Build.0 = Debug|Any CPU
		{AE8EF68B-6404-48D8-AB4A-C7C8CE65AB47}.Release|Any CPU.ActiveCfg = Release|Any CPU
		{AE8EF68B-6404-48D8-AB4A-C7C8CE65AB47}.Release|Any CPU.Build.0 = Release|Any CPU
	EndGlobalSection
	GlobalSection(SolutionProperties) = preSolution
		HideSolutionNode = FALSE
	EndGlobalSection
	GlobalSection(ExtensibilityGlobals) = postSolution
		SolutionGuid = {CAF4C86A-F9FA-475B-9948-2E80CEF52AF2}
	EndGlobalSection
EndGlobal
